{
  "version": 4,
  "terraform_version": "1.11.4",
  "serial": 1989,
  "lineage": "3c6940c1-2501-6df7-ccd4-140dffd7cc1d",
  "outputs": {
    "cloud_run_service_name": {
      "value": "techniecode-aicondoreviewapi-libertyqa",
      "type": "string"
    },
    "cloud_run_service_url": {
      "value": "https://techniecode-aicondoreviewapi-libertyqa-eirdf6sweq-uc.a.run.app",
      "type": "string"
    },
    "document_processor_id": {
      "value": "projects/techniecode-liberty-qa/locations/us/processors/63cdd6087ba5d158",
      "type": "string"
    },
    "service_account_email": {
      "value": "tiiva-ai-function-sa@techniecode-liberty-qa.iam.gserviceaccount.com",
      "type": "string"
    },
    "service_account_name": {
      "value": "projects/techniecode-liberty-qa/serviceAccounts/tiiva-ai-function-sa@techniecode-liberty-qa.iam.gserviceaccount.com",
      "type": "string"
    },
    "tiiva_bucket_name": {
      "value": "techniecode-liberty-qa-storage-bucket",
      "type": "string"
    }
  },
  "resources": [
    {
      "mode": "managed",
      "type": "google_cloud_run_v2_service",
      "name": "tiiva_service",
      "provider": "provider[\"registry.terraform.io/hashicorp/google\"]",
      "instances": [
        {
          "schema_version": 0,
          "attributes": {
            "annotations": null,
            "binary_authorization": [],
            "build_config": [],
            "client": "",
            "client_version": "",
            "conditions": [
              {
                "execution_reason": "",
                "last_transition_time": "2025-05-17T14:32:11.925773Z",
                "message": "",
                "reason": "",
                "revision_reason": "",
                "severity": "",
                "state": "CONDITION_SUCCEEDED",
                "type": "RoutesReady"
              },
              {
                "execution_reason": "",
                "last_transition_time": "2025-05-17T14:32:10.693118Z",
                "message": "",
                "reason": "",
                "revision_reason": "",
                "severity": "",
                "state": "CONDITION_SUCCEEDED",
                "type": "ConfigurationsReady"
              }
            ],
            "create_time": "2025-05-17T14:30:34.018086Z",
            "creator": "techniecode65@gmail.com",
            "custom_audiences": null,
            "delete_time": "",
            "deletion_protection": false,
            "description": "",
            "effective_annotations": {},
            "effective_labels": {
              "goog-terraform-provisioned": "true"
            },
            "etag": "\"CIq7osEGEPDwzwg/cHJvamVjdHMvdGVjaG5pZWNvZGUtbGliZXJ0eS1xYS9sb2NhdGlvbnMvdXMtY2VudHJhbDEvc2VydmljZXMvdGVjaG5pZWNvZGUtYWljb25kb3Jldmlld2FwaS1saWJlcnR5cWE\"",
            "expire_time": "",
            "generation": "1",
            "id": "projects/techniecode-liberty-qa/locations/us-central1/services/techniecode-aicondoreviewapi-libertyqa",
            "ingress": "INGRESS_TRAFFIC_INTERNAL_ONLY",
            "invoker_iam_disabled": false,
            "labels": null,
            "last_modifier": "techniecode65@gmail.com",
            "latest_created_revision": "projects/techniecode-liberty-qa/locations/us-central1/services/techniecode-aicondoreviewapi-libertyqa/revisions/techniecode-aicondoreviewapi-libertyqa-00001-k2m",
            "latest_ready_revision": "projects/techniecode-liberty-qa/locations/us-central1/services/techniecode-aicondoreviewapi-libertyqa/revisions/techniecode-aicondoreviewapi-libertyqa-00001-k2m",
            "launch_stage": "GA",
            "location": "us-central1",
            "name": "techniecode-aicondoreviewapi-libertyqa",
            "observed_generation": "1",
            "project": "techniecode-liberty-qa",
            "reconciling": false,
            "scaling": [],
            "template": [
              {
                "annotations": null,
                "containers": [
                  {
                    "args": null,
                    "base_image_uri": "",
                    "build_info": [],
                    "command": null,
                    "depends_on": null,
                    "env": [
                      {
                        "name": "CLIENT_ID",
                        "value": "uol8gfd",
                        "value_source": []
                      },
                      {
                        "name": "CLIENT_SECRET",
                        "value": "fjKEqRbD1wKp44vksM59TsnJdcQtAp9TIWGyA@B$^mF@CEZ13@$Fs7@8k9wU1mA9",
                        "value_source": []
                      },
                      {
                        "name": "DOCAI_LOCATION",
                        "value": "us",
                        "value_source": []
                      },
                      {
                        "name": "DOCAI_PROCESSOR_ID",
                        "value": "63cdd6087ba5d158",
                        "value_source": []
                      },
                      {
                        "name": "ENCOMPASS_AUTH_URL",
                        "value": "https://api.elliemae.com/oauth2/v1/token",
                        "value_source": []
                      },
                      {
                        "name": "ENCOMPASS_BASE_URL",
                        "value": "https://api.elliemae.com/encompass/v3/loans",
                        "value_source": []
                      },
                      {
                        "name": "ENCOMPASS_PASSWORD",
                        "value": "Test1236!lib",
                        "value_source": []
                      },
                      {
                        "name": "ENCOMPASS_USERNAME",
                        "value": "techniecode@encompass:TEBE11146772",
                        "value_source": []
                      },
                      {
                        "name": "GCS_BUCKET_NAME",
                        "value": "techniecode-liberty-qa-storage-bucket",
                        "value_source": []
                      },
                      {
                        "name": "GCS_CONST_FOLDER",
                        "value": "selling-guide",
                        "value_source": []
                      },
                      {
                        "name": "GCS_FOLDER",
                        "value": "condos",
                        "value_source": []
                      },
                      {
                        "name": "GOOGLE_CLOUD_PROJECT",
                        "value": "techniecode-liberty-qa",
                        "value_source": []
                      },
                      {
                        "name": "PIPELINE_REPORT_URL",
                        "value": "https://api.elliemae.com/encompass/v3/loanPipeline/report",
                        "value_source": []
                      },
                      {
                        "name": "QUESTIONNAIRE_PREFIX",
                        "value": "questionnaire/liberty",
                        "value_source": []
                      },
                      {
                        "name": "REDEPLOY_TS",
                        "value": "2025-05-17T14:30:13Z",
                        "value_source": []
                      },
                      {
                        "name": "SECRET_KEY",
                        "value": "ETYMO\u0026!0Y6U4W9*!",
                        "value_source": []
                      }
                    ],
                    "image": "gcr.io/techniecode-liberty-qa/techniecode-aicondoreviewapi_libertyqa:latest",
                    "liveness_probe": [],
                    "name": "",
                    "ports": [
                      {
                        "container_port": 8080,
                        "name": "http1"
                      }
                    ],
                    "resources": [
                      {
                        "cpu_idle": false,
                        "limits": {
                          "cpu": "1",
                          "memory": "4096Mi"
                        },
                        "startup_cpu_boost": false
                      }
                    ],
                    "startup_probe": [
                      {
                        "failure_threshold": 1,
                        "grpc": [],
                        "http_get": [],
                        "initial_delay_seconds": 0,
                        "period_seconds": 240,
                        "tcp_socket": [
                          {
                            "port": 8080
                          }
                        ],
                        "timeout_seconds": 240
                      }
                    ],
                    "volume_mounts": [],
                    "working_dir": ""
                  }
                ],
                "encryption_key": "",
                "execution_environment": "",
                "gpu_zonal_redundancy_disabled": false,
                "labels": null,
                "max_instance_request_concurrency": 160,
                "node_selector": [],
                "revision": "",
                "scaling": [
                  {
                    "max_instance_count": 3,
                    "min_instance_count": 0
                  }
                ],
                "service_account": "tiiva-ai-function-sa@techniecode-liberty-qa.iam.gserviceaccount.com",
                "session_affinity": false,
                "timeout": "300s",
                "volumes": [],
                "vpc_access": [
                  {
                    "connector": "projects/techniecode-liberty-qa/locations/us-central1/connectors/techniecode-liberty-qa",
                    "egress": "ALL_TRAFFIC",
                    "network_interfaces": []
                  }
                ]
              }
            ],
            "terminal_condition": [
              {
                "execution_reason": "",
                "last_transition_time": "2025-05-17T14:32:11.957197Z",
                "message": "",
                "reason": "",
                "revision_reason": "",
                "severity": "",
                "state": "CONDITION_SUCCEEDED",
                "type": "Ready"
              }
            ],
            "terraform_labels": {
              "goog-terraform-provisioned": "true"
            },
            "timeouts": null,
            "traffic": [
              {
                "percent": 100,
                "revision": "",
                "tag": "",
                "type": "TRAFFIC_TARGET_ALLOCATION_TYPE_LATEST"
              }
            ],
            "traffic_statuses": [
              {
                "percent": 100,
                "revision": "",
                "tag": "",
                "type": "TRAFFIC_TARGET_ALLOCATION_TYPE_LATEST",
                "uri": ""
              }
            ],
            "uid": "52714b3e-7cb4-4b95-8cda-9c1c6496dcce",
            "update_time": "2025-05-17T14:30:34.018086Z",
            "uri": "https://techniecode-aicondoreviewapi-libertyqa-eirdf6sweq-uc.a.run.app",
            "urls": [
              "https://techniecode-aicondoreviewapi-libertyqa-995510408318.us-central1.run.app",
              "https://techniecode-aicondoreviewapi-libertyqa-eirdf6sweq-uc.a.run.app"
            ]
          },
          "sensitive_attributes": [],
          "private": "eyJlMmJmYjczMC1lY2FhLTExZTYtOGY4OC0zNDM2M2JjN2M0YzAiOnsiY3JlYXRlIjoxMjAwMDAwMDAwMDAwLCJkZWxldGUiOjEyMDAwMDAwMDAwMDAsInVwZGF0ZSI6MTIwMDAwMDAwMDAwMH19",
          "dependencies": [
            "google_compute_firewall.allow_cloud_run_access",
            "google_compute_network.tiiva_service_vpc_network",
            "google_document_ai_processor.tivaa_document_processor",
            "google_project_iam_member.tiiva_docai_api_user",
            "google_project_service.tiiva_service_documentai",
            "google_service_account.tiiva_service_function_sa",
            "google_storage_bucket.tiiva_service_function_bucket",
            "google_vpc_access_connector.tiiva_service_private_connector",
            "null_resource.fetch_public_ip"
          ]
        }
      ]
    },
    {
      "mode": "managed",
      "type": "google_cloud_run_v2_service_iam_binding",
      "name": "allow_public_for_tiiva_service",
      "provider": "provider[\"registry.terraform.io/hashicorp/google\"]",
      "instances": [
        {
          "index_key": 0,
          "schema_version": 0,
          "attributes": {
            "condition": [],
            "etag": "BwY1VcPqv5w=",
            "id": "projects/techniecode-liberty-qa/locations/us-central1/services/techniecode-aicondoreviewapi-libertyqa/roles/run.invoker",
            "location": "us-central1",
            "members": [
              "allUsers"
            ],
            "name": "projects/techniecode-liberty-qa/locations/us-central1/services/techniecode-aicondoreviewapi-libertyqa",
            "project": "techniecode-liberty-qa",
            "role": "roles/run.invoker"
          },
          "sensitive_attributes": [],
          "private": "bnVsbA==",
          "dependencies": [
            "google_cloud_run_v2_service.tiiva_service",
            "google_compute_firewall.allow_cloud_run_access",
            "google_compute_network.tiiva_service_vpc_network",
            "google_document_ai_processor.tivaa_document_processor",
            "google_project_iam_member.tiiva_docai_api_user",
            "google_project_service.tiiva_service_documentai",
            "google_service_account.tiiva_service_function_sa",
            "google_storage_bucket.tiiva_service_function_bucket",
            "google_vpc_access_connector.tiiva_service_private_connector",
            "null_resource.fetch_public_ip"
          ]
        }
      ]
    },
    {
      "mode": "managed",
      "type": "google_compute_firewall",
      "name": "allow_cloud_run_access",
      "provider": "provider[\"registry.terraform.io/hashicorp/google\"]",
      "instances": [
        {
          "schema_version": 1,
          "attributes": {
            "allow": [
              {
                "ports": [
                  "443"
                ],
                "protocol": "tcp"
              }
            ],
            "creation_timestamp": "2025-05-17T06:44:54.260-07:00",
            "deny": [],
            "description": "",
            "destination_ranges": [],
            "direction": "INGRESS",
            "disabled": false,
            "enable_logging": null,
            "id": "projects/techniecode-liberty-qa/global/firewalls/techniecode-liberty-qa-allow-cloud-run-access",
            "log_config": [],
            "name": "techniecode-liberty-qa-allow-cloud-run-access",
            "network": "https://www.googleapis.com/compute/v1/projects/techniecode-liberty-qa/global/networks/techniecode-liberty-qa-vpc-network",
            "priority": 1000,
            "project": "techniecode-liberty-qa",
            "self_link": "https://www.googleapis.com/compute/v1/projects/techniecode-liberty-qa/global/firewalls/techniecode-liberty-qa-allow-cloud-run-access",
            "source_ranges": [
              "35.23.45.67/32"
            ],
            "source_service_accounts": [],
            "source_tags": [],
            "target_service_accounts": [],
            "target_tags": [],
            "timeouts": null
          },
          "sensitive_attributes": [],
          "private": "eyJlMmJmYjczMC1lY2FhLTExZTYtOGY4OC0zNDM2M2JjN2M0YzAiOnsiY3JlYXRlIjoxMjAwMDAwMDAwMDAwLCJkZWxldGUiOjEyMDAwMDAwMDAwMDAsInVwZGF0ZSI6MTIwMDAwMDAwMDAwMH0sInNjaGVtYV92ZXJzaW9uIjoiMSJ9",
          "dependencies": [
            "google_compute_network.tiiva_service_vpc_network",
            "null_resource.fetch_public_ip"
          ]
        }
      ]
    },
    {
      "mode": "managed",
      "type": "google_compute_network",
      "name": "tiiva_service_vpc_network",
      "provider": "provider[\"registry.terraform.io/hashicorp/google\"]",
      "instances": [
        {
          "schema_version": 0,
          "attributes": {
            "auto_create_subnetworks": false,
            "bgp_always_compare_med": false,
            "bgp_best_path_selection_mode": "LEGACY",
            "bgp_inter_region_cost": "",
            "delete_default_routes_on_create": false,
            "description": "",
            "enable_ula_internal_ipv6": false,
            "gateway_ipv4": "",
            "id": "projects/techniecode-liberty-qa/global/networks/techniecode-liberty-qa-vpc-network",
            "internal_ipv6_range": "",
            "mtu": 0,
            "name": "techniecode-liberty-qa-vpc-network",
            "network_firewall_policy_enforcement_order": "AFTER_CLASSIC_FIREWALL",
            "network_id": "1950043098226961454",
            "network_profile": "",
            "numeric_id": "1950043098226961454",
            "project": "techniecode-liberty-qa",
            "routing_mode": "REGIONAL",
            "self_link": "https://www.googleapis.com/compute/v1/projects/techniecode-liberty-qa/global/networks/techniecode-liberty-qa-vpc-network",
            "timeouts": null
          },
          "sensitive_attributes": [],
          "private": "eyJlMmJmYjczMC1lY2FhLTExZTYtOGY4OC0zNDM2M2JjN2M0YzAiOnsiY3JlYXRlIjoxMjAwMDAwMDAwMDAwLCJkZWxldGUiOjEyMDAwMDAwMDAwMDAsInVwZGF0ZSI6MTIwMDAwMDAwMDAwMH19"
        }
      ]
    },
    {
      "mode": "managed",
      "type": "google_compute_router",
      "name": "tiiva_service_nat_router",
      "provider": "provider[\"registry.terraform.io/hashicorp/google\"]",
      "instances": [
        {
          "schema_version": 0,
          "attributes": {
            "bgp": [],
            "creation_timestamp": "2025-05-17T06:44:54.245-07:00",
            "description": "",
            "encrypted_interconnect_router": false,
            "id": "projects/techniecode-liberty-qa/regions/us-central1/routers/techniecode-liberty-qa-nat-router",
            "md5_authentication_keys": [],
            "name": "techniecode-liberty-qa-nat-router",
            "network": "https://www.googleapis.com/compute/v1/projects/techniecode-liberty-qa/global/networks/techniecode-liberty-qa-vpc-network",
            "project": "techniecode-liberty-qa",
            "region": "us-central1",
            "self_link": "https://www.googleapis.com/compute/v1/projects/techniecode-liberty-qa/regions/us-central1/routers/techniecode-liberty-qa-nat-router",
            "timeouts": null
          },
          "sensitive_attributes": [],
          "private": "eyJlMmJmYjczMC1lY2FhLTExZTYtOGY4OC0zNDM2M2JjN2M0YzAiOnsiY3JlYXRlIjoxMjAwMDAwMDAwMDAwLCJkZWxldGUiOjEyMDAwMDAwMDAwMDAsInVwZGF0ZSI6MTIwMDAwMDAwMDAwMH19",
          "dependencies": [
            "google_compute_network.tiiva_service_vpc_network"
          ]
        }
      ]
    },
    {
      "mode": "managed",
      "type": "google_compute_router_nat",
      "name": "tiiva_service_nat_gateway",
      "provider": "provider[\"registry.terraform.io/hashicorp/google\"]",
      "instances": [
        {
          "schema_version": 0,
          "attributes": {
            "auto_network_tier": "PREMIUM",
            "drain_nat_ips": [],
            "enable_dynamic_port_allocation": false,
            "enable_endpoint_independent_mapping": false,
            "endpoint_types": [
              "ENDPOINT_TYPE_VM"
            ],
            "icmp_idle_timeout_sec": 30,
            "id": "techniecode-liberty-qa/us-central1/techniecode-liberty-qa-nat-router/techniecode-liberty-qa-nat-gateway",
            "initial_nat_ips": null,
            "log_config": [],
            "max_ports_per_vm": 0,
            "min_ports_per_vm": 0,
            "name": "techniecode-liberty-qa-nat-gateway",
            "nat_ip_allocate_option": "AUTO_ONLY",
            "nat_ips": [],
            "project": "techniecode-liberty-qa",
            "region": "us-central1",
            "router": "techniecode-liberty-qa-nat-router",
            "rules": [],
            "source_subnetwork_ip_ranges_to_nat": "ALL_SUBNETWORKS_ALL_IP_RANGES",
            "subnetwork": [],
            "tcp_established_idle_timeout_sec": 1200,
            "tcp_time_wait_timeout_sec": 120,
            "tcp_transitory_idle_timeout_sec": 30,
            "timeouts": null,
            "type": "PUBLIC",
            "udp_idle_timeout_sec": 30
          },
          "sensitive_attributes": [],
          "private": "eyJlMmJmYjczMC1lY2FhLTExZTYtOGY4OC0zNDM2M2JjN2M0YzAiOnsiY3JlYXRlIjoxMjAwMDAwMDAwMDAwLCJkZWxldGUiOjEyMDAwMDAwMDAwMDAsInVwZGF0ZSI6MTIwMDAwMDAwMDAwMH19",
          "dependencies": [
            "google_compute_network.tiiva_service_vpc_network",
            "google_compute_router.tiiva_service_nat_router"
          ]
        }
      ]
    },
    {
      "mode": "managed",
      "type": "google_compute_subnetwork",
      "name": "tiiva_service_private_subnet",
      "provider": "provider[\"registry.terraform.io/hashicorp/google\"]",
      "instances": [
        {
          "schema_version": 0,
          "attributes": {
            "creation_timestamp": "2025-05-17T06:44:54.322-07:00",
            "description": "",
            "enable_flow_logs": false,
            "external_ipv6_prefix": "",
            "fingerprint": null,
            "gateway_address": "10.0.0.1",
            "id": "projects/techniecode-liberty-qa/regions/us-central1/subnetworks/techniecode-liberty-qa-private-subnet",
            "internal_ipv6_prefix": "",
            "ip_cidr_range": "10.0.0.0/24",
            "ip_collection": null,
            "ipv6_access_type": "",
            "ipv6_cidr_range": "",
            "ipv6_gce_endpoint": "",
            "log_config": [],
            "name": "techniecode-liberty-qa-private-subnet",
            "network": "https://www.googleapis.com/compute/v1/projects/techniecode-liberty-qa/global/networks/techniecode-liberty-qa-vpc-network",
            "private_ip_google_access": true,
            "private_ipv6_google_access": "DISABLE_GOOGLE_ACCESS",
            "project": "techniecode-liberty-qa",
            "purpose": "PRIVATE",
            "region": "us-central1",
            "reserved_internal_range": "",
            "role": "",
            "secondary_ip_range": [],
            "self_link": "https://www.googleapis.com/compute/v1/projects/techniecode-liberty-qa/regions/us-central1/subnetworks/techniecode-liberty-qa-private-subnet",
            "send_secondary_ip_range_if_empty": null,
            "stack_type": "IPV4_ONLY",
            "state": "",
            "subnetwork_id": 8082743745323543609,
            "timeouts": null
          },
          "sensitive_attributes": [],
          "private": "eyJlMmJmYjczMC1lY2FhLTExZTYtOGY4OC0zNDM2M2JjN2M0YzAiOnsiY3JlYXRlIjoxMjAwMDAwMDAwMDAwLCJkZWxldGUiOjEyMDAwMDAwMDAwMDAsInVwZGF0ZSI6MTIwMDAwMDAwMDAwMH19",
          "dependencies": [
            "google_compute_network.tiiva_service_vpc_network"
          ]
        }
      ]
    },
    {
      "mode": "managed",
      "type": "google_document_ai_processor",
      "name": "tivaa_document_processor",
      "provider": "provider[\"registry.terraform.io/hashicorp/google-beta\"]",
      "instances": [
        {
          "schema_version": 0,
          "attributes": {
            "display_name": "techniecode-liberty-qa-processor",
            "id": "projects/techniecode-liberty-qa/locations/us/processors/63cdd6087ba5d158",
            "kms_key_name": "",
            "location": "us",
            "name": "63cdd6087ba5d158",
            "project": "techniecode-liberty-qa",
            "timeouts": null,
            "type": "OCR_PROCESSOR"
          },
          "sensitive_attributes": [],
          "private": "eyJlMmJmYjczMC1lY2FhLTExZTYtOGY4OC0zNDM2M2JjN2M0YzAiOnsiY3JlYXRlIjoxMjAwMDAwMDAwMDAwLCJkZWxldGUiOjEyMDAwMDAwMDAwMDB9fQ==",
          "dependencies": [
            "google_project_service.tiiva_service_documentai"
          ]
        }
      ]
    },
    {
      "mode": "managed",
      "type": "google_project_iam_audit_config",
      "name": "storage_data_write",
      "provider": "provider[\"registry.terraform.io/hashicorp/google\"]",
      "instances": [
        {
          "schema_version": 0,
          "attributes": {
            "audit_log_config": [
              {
                "exempted_members": [],
                "log_type": "DATA_WRITE"
              }
            ],
            "etag": "BwY1VZ/5VPQ=",
            "id": "techniecode-liberty-qa/audit_config/storage.googleapis.com",
            "project": "techniecode-liberty-qa",
            "service": "storage.googleapis.com"
          },
          "sensitive_attributes": [],
          "private": "bnVsbA=="
        }
      ]
    },
    {
      "mode": "managed",
      "type": "google_project_iam_member",
      "name": "tiiva_docai_api_user",
      "provider": "provider[\"registry.terraform.io/hashicorp/google\"]",
      "instances": [
        {
          "schema_version": 0,
          "attributes": {
            "condition": [],
            "etag": "BwY1Vb2iYIA=",
            "id": "techniecode-liberty-qa/roles/documentai.apiUser/serviceAccount:tiiva-ai-function-sa@techniecode-liberty-qa.iam.gserviceaccount.com",
            "member": "serviceAccount:tiiva-ai-function-sa@techniecode-liberty-qa.iam.gserviceaccount.com",
            "project": "techniecode-liberty-qa",
            "role": "roles/documentai.apiUser"
          },
          "sensitive_attributes": [],
          "private": "bnVsbA==",
          "dependencies": [
            "google_project_service.tiiva_service_documentai",
            "google_service_account.tiiva_service_function_sa"
          ]
        }
      ]
    },
    {
      "mode": "managed",
      "type": "google_project_iam_member",
      "name": "tiiva_service_sa_logs_writer",
      "provider": "provider[\"registry.terraform.io/hashicorp/google\"]",
      "instances": [
        {
          "schema_version": 0,
          "attributes": {
            "condition": [],
            "etag": "BwY1Vb2iYIA=",
            "id": "techniecode-liberty-qa/roles/logging.logWriter/serviceAccount:tiiva-ai-function-sa@techniecode-liberty-qa.iam.gserviceaccount.com",
            "member": "serviceAccount:tiiva-ai-function-sa@techniecode-liberty-qa.iam.gserviceaccount.com",
            "project": "techniecode-liberty-qa",
            "role": "roles/logging.logWriter"
          },
          "sensitive_attributes": [],
          "private": "bnVsbA==",
          "dependencies": [
            "google_project_service.tiiva_service_logging",
            "google_service_account.tiiva_service_function_sa"
          ]
        }
      ]
    },
    {
      "mode": "managed",
      "type": "google_project_iam_member",
      "name": "tiiva_service_sa_secret_manager_access",
      "provider": "provider[\"registry.terraform.io/hashicorp/google\"]",
      "instances": [
        {
          "index_key": 0,
          "schema_version": 0,
          "attributes": {
            "condition": [],
            "etag": "BwY1Vb2iYIA=",
            "id": "techniecode-liberty-qa/roles/secretmanager.secretAccessor/serviceAccount:tiiva-ai-function-sa@techniecode-liberty-qa.iam.gserviceaccount.com",
            "member": "serviceAccount:tiiva-ai-function-sa@techniecode-liberty-qa.iam.gserviceaccount.com",
            "project": "techniecode-liberty-qa",
            "role": "roles/secretmanager.secretAccessor"
          },
          "sensitive_attributes": [],
          "private": "bnVsbA==",
          "dependencies": [
            "google_service_account.tiiva_service_function_sa"
          ]
        }
      ]
    },
    {
      "mode": "managed",
      "type": "google_project_iam_member",
      "name": "tiiva_service_sa_vertex_ai_access",
      "provider": "provider[\"registry.terraform.io/hashicorp/google\"]",
      "instances": [
        {
          "schema_version": 0,
          "attributes": {
            "condition": [],
            "etag": "BwY1Vb2iYIA=",
            "id": "techniecode-liberty-qa/roles/aiplatform.user/serviceAccount:tiiva-ai-function-sa@techniecode-liberty-qa.iam.gserviceaccount.com",
            "member": "serviceAccount:tiiva-ai-function-sa@techniecode-liberty-qa.iam.gserviceaccount.com",
            "project": "techniecode-liberty-qa",
            "role": "roles/aiplatform.user"
          },
          "sensitive_attributes": [],
          "private": "bnVsbA==",
          "dependencies": [
            "google_service_account.tiiva_service_function_sa"
          ]
        }
      ]
    },
    {
      "mode": "managed",
      "type": "google_project_service",
      "name": "tiiva_service_artifactregistry",
      "provider": "provider[\"registry.terraform.io/hashicorp/google\"]",
      "instances": [
        {
          "schema_version": 0,
          "attributes": {
            "disable_dependent_services": false,
            "disable_on_destroy": false,
            "id": "techniecode-liberty-qa/artifactregistry.googleapis.com",
            "project": "techniecode-liberty-qa",
            "service": "artifactregistry.googleapis.com",
            "timeouts": null
          },
          "sensitive_attributes": [],
          "private": "eyJlMmJmYjczMC1lY2FhLTExZTYtOGY4OC0zNDM2M2JjN2M0YzAiOnsiY3JlYXRlIjoxMjAwMDAwMDAwMDAwLCJkZWxldGUiOjEyMDAwMDAwMDAwMDAsInJlYWQiOjYwMDAwMDAwMDAwMCwidXBkYXRlIjoxMjAwMDAwMDAwMDAwfX0="
        }
      ]
    },
    {
      "mode": "managed",
      "type": "google_project_service",
      "name": "tiiva_service_cloudbuild",
      "provider": "provider[\"registry.terraform.io/hashicorp/google\"]",
      "instances": [
        {
          "schema_version": 0,
          "attributes": {
            "disable_dependent_services": false,
            "disable_on_destroy": false,
            "id": "techniecode-liberty-qa/cloudbuild.googleapis.com",
            "project": "techniecode-liberty-qa",
            "service": "cloudbuild.googleapis.com",
            "timeouts": null
          },
          "sensitive_attributes": [],
          "private": "eyJlMmJmYjczMC1lY2FhLTExZTYtOGY4OC0zNDM2M2JjN2M0YzAiOnsiY3JlYXRlIjoxMjAwMDAwMDAwMDAwLCJkZWxldGUiOjEyMDAwMDAwMDAwMDAsInJlYWQiOjYwMDAwMDAwMDAwMCwidXBkYXRlIjoxMjAwMDAwMDAwMDAwfX0="
        }
      ]
    },
    {
      "mode": "managed",
      "type": "google_project_service",
      "name": "tiiva_service_cloudfunctions",
      "provider": "provider[\"registry.terraform.io/hashicorp/google\"]",
      "instances": [
        {
          "schema_version": 0,
          "attributes": {
            "disable_dependent_services": false,
            "disable_on_destroy": false,
            "id": "techniecode-liberty-qa/cloudfunctions.googleapis.com",
            "project": "techniecode-liberty-qa",
            "service": "cloudfunctions.googleapis.com",
            "timeouts": null
          },
          "sensitive_attributes": [],
          "private": "eyJlMmJmYjczMC1lY2FhLTExZTYtOGY4OC0zNDM2M2JjN2M0YzAiOnsiY3JlYXRlIjoxMjAwMDAwMDAwMDAwLCJkZWxldGUiOjEyMDAwMDAwMDAwMDAsInJlYWQiOjYwMDAwMDAwMDAwMCwidXBkYXRlIjoxMjAwMDAwMDAwMDAwfX0="
        }
      ]
    },
    {
      "mode": "managed",
      "type": "google_project_service",
      "name": "tiiva_service_cloudrun",
      "provider": "provider[\"registry.terraform.io/hashicorp/google\"]",
      "instances": [
        {
          "schema_version": 0,
          "attributes": {
            "disable_dependent_services": false,
            "disable_on_destroy": false,
            "id": "techniecode-liberty-qa/run.googleapis.com",
            "project": "techniecode-liberty-qa",
            "service": "run.googleapis.com",
            "timeouts": null
          },
          "sensitive_attributes": [],
          "private": "eyJlMmJmYjczMC1lY2FhLTExZTYtOGY4OC0zNDM2M2JjN2M0YzAiOnsiY3JlYXRlIjoxMjAwMDAwMDAwMDAwLCJkZWxldGUiOjEyMDAwMDAwMDAwMDAsInJlYWQiOjYwMDAwMDAwMDAwMCwidXBkYXRlIjoxMjAwMDAwMDAwMDAwfX0="
        }
      ]
    },
    {
      "mode": "managed",
      "type": "google_project_service",
      "name": "tiiva_service_compute",
      "provider": "provider[\"registry.terraform.io/hashicorp/google\"]",
      "instances": [
        {
          "schema_version": 0,
          "attributes": {
            "disable_dependent_services": false,
            "disable_on_destroy": false,
            "id": "techniecode-liberty-qa/compute.googleapis.com",
            "project": "techniecode-liberty-qa",
            "service": "compute.googleapis.com",
            "timeouts": null
          },
          "sensitive_attributes": [],
          "private": "eyJlMmJmYjczMC1lY2FhLTExZTYtOGY4OC0zNDM2M2JjN2M0YzAiOnsiY3JlYXRlIjoxMjAwMDAwMDAwMDAwLCJkZWxldGUiOjEyMDAwMDAwMDAwMDAsInJlYWQiOjYwMDAwMDAwMDAwMCwidXBkYXRlIjoxMjAwMDAwMDAwMDAwfX0="
        }
      ]
    },
    {
      "mode": "managed",
      "type": "google_project_service",
      "name": "tiiva_service_documentai",
      "provider": "provider[\"registry.terraform.io/hashicorp/google\"]",
      "instances": [
        {
          "schema_version": 0,
          "attributes": {
            "disable_dependent_services": false,
            "disable_on_destroy": false,
            "id": "techniecode-liberty-qa/documentai.googleapis.com",
            "project": "techniecode-liberty-qa",
            "service": "documentai.googleapis.com",
            "timeouts": null
          },
          "sensitive_attributes": [],
          "private": "eyJlMmJmYjczMC1lY2FhLTExZTYtOGY4OC0zNDM2M2JjN2M0YzAiOnsiY3JlYXRlIjoxMjAwMDAwMDAwMDAwLCJkZWxldGUiOjEyMDAwMDAwMDAwMDAsInJlYWQiOjYwMDAwMDAwMDAwMCwidXBkYXRlIjoxMjAwMDAwMDAwMDAwfX0="
        }
      ]
    },
    {
      "mode": "managed",
      "type": "google_project_service",
      "name": "tiiva_service_iam",
      "provider": "provider[\"registry.terraform.io/hashicorp/google\"]",
      "instances": [
        {
          "schema_version": 0,
          "attributes": {
            "disable_dependent_services": false,
            "disable_on_destroy": false,
            "id": "techniecode-liberty-qa/iam.googleapis.com",
            "project": "techniecode-liberty-qa",
            "service": "iam.googleapis.com",
            "timeouts": null
          },
          "sensitive_attributes": [],
          "private": "eyJlMmJmYjczMC1lY2FhLTExZTYtOGY4OC0zNDM2M2JjN2M0YzAiOnsiY3JlYXRlIjoxMjAwMDAwMDAwMDAwLCJkZWxldGUiOjEyMDAwMDAwMDAwMDAsInJlYWQiOjYwMDAwMDAwMDAwMCwidXBkYXRlIjoxMjAwMDAwMDAwMDAwfX0="
        }
      ]
    },
    {
      "mode": "managed",
      "type": "google_project_service",
      "name": "tiiva_service_logging",
      "provider": "provider[\"registry.terraform.io/hashicorp/google\"]",
      "instances": [
        {
          "schema_version": 0,
          "attributes": {
            "disable_dependent_services": false,
            "disable_on_destroy": false,
            "id": "techniecode-liberty-qa/logging.googleapis.com",
            "project": "techniecode-liberty-qa",
            "service": "logging.googleapis.com",
            "timeouts": null
          },
          "sensitive_attributes": [],
          "private": "eyJlMmJmYjczMC1lY2FhLTExZTYtOGY4OC0zNDM2M2JjN2M0YzAiOnsiY3JlYXRlIjoxMjAwMDAwMDAwMDAwLCJkZWxldGUiOjEyMDAwMDAwMDAwMDAsInJlYWQiOjYwMDAwMDAwMDAwMCwidXBkYXRlIjoxMjAwMDAwMDAwMDAwfX0="
        }
      ]
    },
    {
      "mode": "managed",
      "type": "google_project_service",
      "name": "tiiva_service_monitoring",
      "provider": "provider[\"registry.terraform.io/hashicorp/google\"]",
      "instances": [
        {
          "schema_version": 0,
          "attributes": {
            "disable_dependent_services": false,
            "disable_on_destroy": false,
            "id": "techniecode-liberty-qa/monitoring.googleapis.com",
            "project": "techniecode-liberty-qa",
            "service": "monitoring.googleapis.com",
            "timeouts": null
          },
          "sensitive_attributes": [],
          "private": "eyJlMmJmYjczMC1lY2FhLTExZTYtOGY4OC0zNDM2M2JjN2M0YzAiOnsiY3JlYXRlIjoxMjAwMDAwMDAwMDAwLCJkZWxldGUiOjEyMDAwMDAwMDAwMDAsInJlYWQiOjYwMDAwMDAwMDAwMCwidXBkYXRlIjoxMjAwMDAwMDAwMDAwfX0="
        }
      ]
    },
    {
      "mode": "managed",
      "type": "google_project_service",
      "name": "tiiva_service_secretmanager",
      "provider": "provider[\"registry.terraform.io/hashicorp/google\"]",
      "instances": [
        {
          "schema_version": 0,
          "attributes": {
            "disable_dependent_services": false,
            "disable_on_destroy": false,
            "id": "techniecode-liberty-qa/secretmanager.googleapis.com",
            "project": "techniecode-liberty-qa",
            "service": "secretmanager.googleapis.com",
            "timeouts": null
          },
          "sensitive_attributes": [],
          "private": "eyJlMmJmYjczMC1lY2FhLTExZTYtOGY4OC0zNDM2M2JjN2M0YzAiOnsiY3JlYXRlIjoxMjAwMDAwMDAwMDAwLCJkZWxldGUiOjEyMDAwMDAwMDAwMDAsInJlYWQiOjYwMDAwMDAwMDAwMCwidXBkYXRlIjoxMjAwMDAwMDAwMDAwfX0="
        }
      ]
    },
    {
      "mode": "managed",
      "type": "google_project_service",
      "name": "tiiva_service_servicenetworking",
      "provider": "provider[\"registry.terraform.io/hashicorp/google\"]",
      "instances": [
        {
          "schema_version": 0,
          "attributes": {
            "disable_dependent_services": false,
            "disable_on_destroy": false,
            "id": "techniecode-liberty-qa/servicenetworking.googleapis.com",
            "project": "techniecode-liberty-qa",
            "service": "servicenetworking.googleapis.com",
            "timeouts": null
          },
          "sensitive_attributes": [],
          "private": "eyJlMmJmYjczMC1lY2FhLTExZTYtOGY4OC0zNDM2M2JjN2M0YzAiOnsiY3JlYXRlIjoxMjAwMDAwMDAwMDAwLCJkZWxldGUiOjEyMDAwMDAwMDAwMDAsInJlYWQiOjYwMDAwMDAwMDAwMCwidXBkYXRlIjoxMjAwMDAwMDAwMDAwfX0="
        }
      ]
    },
    {
      "mode": "managed",
      "type": "google_project_service",
      "name": "tiiva_service_storage",
      "provider": "provider[\"registry.terraform.io/hashicorp/google\"]",
      "instances": [
        {
          "schema_version": 0,
          "attributes": {
            "disable_dependent_services": false,
            "disable_on_destroy": false,
            "id": "techniecode-liberty-qa/storage.googleapis.com",
            "project": "techniecode-liberty-qa",
            "service": "storage.googleapis.com",
            "timeouts": null
          },
          "sensitive_attributes": [],
          "private": "eyJlMmJmYjczMC1lY2FhLTExZTYtOGY4OC0zNDM2M2JjN2M0YzAiOnsiY3JlYXRlIjoxMjAwMDAwMDAwMDAwLCJkZWxldGUiOjEyMDAwMDAwMDAwMDAsInJlYWQiOjYwMDAwMDAwMDAwMCwidXBkYXRlIjoxMjAwMDAwMDAwMDAwfX0="
        }
      ]
    },
    {
      "mode": "managed",
      "type": "google_project_service",
      "name": "tiiva_service_vertex_ai",
      "provider": "provider[\"registry.terraform.io/hashicorp/google\"]",
      "instances": [
        {
          "schema_version": 0,
          "attributes": {
            "disable_dependent_services": false,
            "disable_on_destroy": false,
            "id": "techniecode-liberty-qa/aiplatform.googleapis.com",
            "project": "techniecode-liberty-qa",
            "service": "aiplatform.googleapis.com",
            "timeouts": null
          },
          "sensitive_attributes": [],
          "private": "eyJlMmJmYjczMC1lY2FhLTExZTYtOGY4OC0zNDM2M2JjN2M0YzAiOnsiY3JlYXRlIjoxMjAwMDAwMDAwMDAwLCJkZWxldGUiOjEyMDAwMDAwMDAwMDAsInJlYWQiOjYwMDAwMDAwMDAwMCwidXBkYXRlIjoxMjAwMDAwMDAwMDAwfX0="
        }
      ]
    },
    {
      "mode": "managed",
      "type": "google_project_service",
      "name": "tiiva_service_vpcaccess",
      "provider": "provider[\"registry.terraform.io/hashicorp/google\"]",
      "instances": [
        {
          "schema_version": 0,
          "attributes": {
            "disable_dependent_services": false,
            "disable_on_destroy": false,
            "id": "techniecode-liberty-qa/vpcaccess.googleapis.com",
            "project": "techniecode-liberty-qa",
            "service": "vpcaccess.googleapis.com",
            "timeouts": null
          },
          "sensitive_attributes": [],
          "private": "eyJlMmJmYjczMC1lY2FhLTExZTYtOGY4OC0zNDM2M2JjN2M0YzAiOnsiY3JlYXRlIjoxMjAwMDAwMDAwMDAwLCJkZWxldGUiOjEyMDAwMDAwMDAwMDAsInJlYWQiOjYwMDAwMDAwMDAwMCwidXBkYXRlIjoxMjAwMDAwMDAwMDAwfX0="
        }
      ]
    },
    {
      "mode": "managed",
      "type": "google_secret_manager_secret",
      "name": "tiiva_sa_secret",
      "provider": "provider[\"registry.terraform.io/hashicorp/google\"]",
      "instances": [
        {
          "schema_version": 0,
          "attributes": {
            "annotations": {},
            "create_time": "2025-05-17T13:44:33.148845Z",
            "effective_annotations": {},
            "effective_labels": {
              "goog-terraform-provisioned": "true"
            },
            "expire_time": "",
            "id": "projects/techniecode-liberty-qa/secrets/techniecode-liberty-qa-sa-key",
            "labels": {},
            "name": "projects/995510408318/secrets/techniecode-liberty-qa-sa-key",
            "project": "techniecode-liberty-qa",
            "replication": [
              {
                "auto": [],
                "user_managed": [
                  {
                    "replicas": [
                      {
                        "customer_managed_encryption": [],
                        "location": "us-central1"
                      }
                    ]
                  }
                ]
              }
            ],
            "rotation": [],
            "secret_id": "techniecode-liberty-qa-sa-key",
            "terraform_labels": {
              "goog-terraform-provisioned": "true"
            },
            "timeouts": null,
            "topics": [],
            "ttl": null,
            "version_aliases": {},
            "version_destroy_ttl": ""
          },
          "sensitive_attributes": [],
          "private": "eyJlMmJmYjczMC1lY2FhLTExZTYtOGY4OC0zNDM2M2JjN2M0YzAiOnsiY3JlYXRlIjoxMjAwMDAwMDAwMDAwLCJkZWxldGUiOjEyMDAwMDAwMDAwMDAsInVwZGF0ZSI6MTIwMDAwMDAwMDAwMH19"
        }
      ]
    },
    {
      "mode": "managed",
      "type": "google_secret_manager_secret_iam_member",
      "name": "tiiva_sa_secret_accessor",
      "provider": "provider[\"registry.terraform.io/hashicorp/google\"]",
      "instances": [
        {
          "schema_version": 0,
          "attributes": {
            "condition": [],
            "etag": "BwY1Vb1Ms5c=",
            "id": "projects/techniecode-liberty-qa/secrets/techniecode-liberty-qa-sa-key/roles/secretmanager.secretAccessor/serviceAccount:tiiva-ai-function-sa@techniecode-liberty-qa.iam.gserviceaccount.com",
            "member": "serviceAccount:tiiva-ai-function-sa@techniecode-liberty-qa.iam.gserviceaccount.com",
            "project": "techniecode-liberty-qa",
            "role": "roles/secretmanager.secretAccessor",
            "secret_id": "projects/techniecode-liberty-qa/secrets/techniecode-liberty-qa-sa-key"
          },
          "sensitive_attributes": [],
          "private": "bnVsbA==",
          "dependencies": [
            "google_secret_manager_secret.tiiva_sa_secret",
            "google_service_account.tiiva_service_function_sa"
          ]
        }
      ]
    },
    {
      "mode": "managed",
      "type": "google_secret_manager_secret_version",
      "name": "tiiva_sa_secret_version",
      "provider": "provider[\"registry.terraform.io/hashicorp/google\"]",
      "instances": [
        {
          "schema_version": 0,
          "attributes": {
            "create_time": "2025-05-17T14:30:37.149650Z",
            "deletion_policy": "DELETE",
            "destroy_time": "",
            "enabled": true,
            "id": "projects/995510408318/secrets/techniecode-liberty-qa-sa-key/versions/1",
            "is_secret_data_base64": false,
            "name": "projects/995510408318/secrets/techniecode-liberty-qa-sa-key/versions/1",
            "secret": "projects/techniecode-liberty-qa/secrets/techniecode-liberty-qa-sa-key",
            "secret_data": "ewogICJ0eXBlIjogInNlcnZpY2VfYWNjb3VudCIsCiAgInByb2plY3RfaWQiOiAidGVjaG5pZWNvZGUtbGliZXJ0eS1xYSIsCiAgInByaXZhdGVfa2V5X2lkIjogImNhODNmM2ViZTJmNGM3ZTU1ODNlYTA5ZjUwOTQ1ZGNhN2M1YWNkOGQiLAogICJwcml2YXRlX2tleSI6ICItLS0tLUJFR0lOIFBSSVZBVEUgS0VZLS0tLS1cbk1JSUV2QUlCQURBTkJna3Foa2lHOXcwQkFRRUZBQVNDQktZd2dnU2lBZ0VBQW9JQkFRRHRmcDM5NnBseWtnNWxcbjJ2UFo1THlYWlR3VkxvWm50cm01VEM1d01IaXlmTWdFdDNDdzV2ei9GNUV6Ujh1dmdtdyszNWdJTDV5MUEwYmxcbldaNEtIWVkwQjQ3SDNtMGM2SFhVWXQ4a1o4Q2w5bno5RFoweU0razBXdXBtUFJHVk55Q0tkTU9Qc2NzR3BkR3hcblJKWFRkYmVmSGNUTTFJNFJRbk9QKy92czhBSUhsRmJnWXphekxmSkxaRG9HTmtxWjNTK1J5dklzRHVDQzRLck1cbkNyck9wNHFyckl5L0VIUi9RNEhLM25aRFR3aUhGa3BmdmpwL0RjeEYvYTRvVmFNRXRtSGs4N3gzaTU2TFFMTWRcbnIyYmVQeFNQQ3Z0WFhIbmh6MkxPMmFtRmZ3U2I1emlIa3FwKy9EU3RFYmIrYjVmcnBhbHcxSVhQM1pHUHJUWW5cbmxZRElzSVpmQWdNQkFBRUNnZ0VBVkVGMzVyWGNvNWRxa1RzcENQUUw3a0FsblRRb3pkRzNPU1JzVXpQM0ZnZUxcbjVKUjUzK0RLLytzS0FlSG1Rc2xvQXJSTG1SZmZKaDdYLzVVWUt1bUhpNXprekVhK2VpT0ViZ2wzdGRBek9nM2xcbkVOZk1IWnZxRDc5emFqc2ZLa3RvK1lYc1BXWHJxOXVYTmFjcDZsL1llWlJUbGdHUXQxSFdjczRJZGVvK0poYU1cbjNxZmI0a3ZoVUlSWVhFTEt6WElxS2dvU2QxM0FjWGt6ZnRObXUwdjFTRVJ4T21EejRlZWMramJVdHJCa2s5MWNcbjhoTTNjbzZ6TlRRTkM2TDJrNWRjaE52b2xGWnBDemVRc1JVdnJHV281WEk2NkphNTB5MW9acElUdC9pTHdhQlpcbmQ3cGQ0ZHlmdW9mZWpFYTdETWgvQitCWDJGRng2ODF6TDVGa05GczVOUUtCZ1FEL0xUa2M3aVJBUysyTFpHbVJcbnlPYzFrRTVrNFdEYjRINHRMSDJIa0JVUWdkd3NtRFNvZVZmYWlIK0FtUE5ZR0JJQytJa1dPeisvSkx4MGUveHNcbnMvT3BLbTNJUFZ2aWs1dERpc2dERHd6cnBiQW1SaUdMZHk4ZTJreTBaUUg3eE1GRUtZQ00vQ1o3YWM0dTJzeDJcblpyOXNCUGMvZ1JsSTFLQndYSzc1MnQ2T0JRS0JnUUR1UXNuaWhHYzZlWEVjdURHQzhkYXUrTzhyM0Q5VTNDWmFcbkE5TlI3RXlzMTU0MHkxcU1FZk1XTldoOWNtbWRVOXdrWlZtOEg5ZkpnL0J1MGFXQjEyem84UFJjMWVMalBZL1NcbnZRbDFoNlZjRDBwSGtycVpaUFZrYy9zbk1QSTd4SVhXcnFpVzJ2NzVQTmFNZ05hUzhEVVZNTGtHakt6NDRwdEpcbmtQVHhQUURNRXdLQmdCQ0tSZUZ5TGpkY3RKRU1lU3RSOG1xdVorWnlGVzByS0FLVmw2MXAwWE80ZHlVTTJKenpcbkFKYlJzaklMdC9wRjFTVU1KeGFoMElmN1FadnJUWGxlVUxUdVl4OVBtdDBjNUR1RWkySm5YMWNHN2x3TXY2L2lcbmtkTldJeEt1V1dxUVhsYWt1Z2hwYjdVZ0xwVXE2WVhqTXhVMVhURm9sTkw3dFVxVE4yUktvNUpoQW9HQUl4NTlcbkc0SmdwT0hacGw0UURqa1BaK01SZmVtTS9Ea20vZ1dxVkZ6OFFFM1g1L2hCZEh3QTFMa3ltYXNQbmowS0tlTTJcbmd1QStzbGxjU3psanArdlZCZERlZEFDaTNOUHFLeW5xQndUamZ0cFNISktvSm93WEQ2TjQxYUlGVW9INUtGZStcblNkNGx6eDhFa05rOHg1UFlmek1iVXJmUmx5M3ZyYnhNSG5MYmR6a0NnWUFOekVTTkdIMDgxVkdpNzlhMkNoRHpcbkZTNGlyZ3NWN1Z6eWpxUTBxamhJYTVCUCtXNGlSOHV1NFIvd2hjc05DSFJXZ1hUWDdEemhXTFNRR09WVTJYSFpcbk5kV1VjV3pDRnlsQVpkcEJBeTdReXRvSnl6cFpaUjhwV056d1JqanhYdXJuSzZVbXlJRTVSSGFpQWlvZVVXeHJcbjNyTzJoTlQxWnVIQjcycklXM1ZyL2c9PVxuLS0tLS1FTkQgUFJJVkFURSBLRVktLS0tLVxuIiwKICAiY2xpZW50X2VtYWlsIjogInRpaXZhLWFpLWZ1bmN0aW9uLXNhQHRlY2huaWVjb2RlLWxpYmVydHktcWEuaWFtLmdzZXJ2aWNlYWNjb3VudC5jb20iLAogICJjbGllbnRfaWQiOiAiMTEwNzQzNTk2MzE0NjA5NTY5MDU3IiwKICAiYXV0aF91cmkiOiAiaHR0cHM6Ly9hY2NvdW50cy5nb29nbGUuY29tL28vb2F1dGgyL2F1dGgiLAogICJ0b2tlbl91cmkiOiAiaHR0cHM6Ly9vYXV0aDIuZ29vZ2xlYXBpcy5jb20vdG9rZW4iLAogICJhdXRoX3Byb3ZpZGVyX3g1MDlfY2VydF91cmwiOiAiaHR0cHM6Ly93d3cuZ29vZ2xlYXBpcy5jb20vb2F1dGgyL3YxL2NlcnRzIiwKICAiY2xpZW50X3g1MDlfY2VydF91cmwiOiAiaHR0cHM6Ly93d3cuZ29vZ2xlYXBpcy5jb20vcm9ib3QvdjEvbWV0YWRhdGEveDUwOS90aWl2YS1haS1mdW5jdGlvbi1zYSU0MHRlY2huaWVjb2RlLWxpYmVydHktcWEuaWFtLmdzZXJ2aWNlYWNjb3VudC5jb20iLAogICJ1bml2ZXJzZV9kb21haW4iOiAiZ29vZ2xlYXBpcy5jb20iCn0K",
            "secret_data_wo": null,
            "secret_data_wo_version": 0,
            "timeouts": null,
            "version": "1"
          },
          "sensitive_attributes": [
            [
              {
                "type": "get_attr",
                "value": "secret_data"
              }
            ]
          ],
          "private": "eyJlMmJmYjczMC1lY2FhLTExZTYtOGY4OC0zNDM2M2JjN2M0YzAiOnsiY3JlYXRlIjoxMjAwMDAwMDAwMDAwLCJkZWxldGUiOjEyMDAwMDAwMDAwMDAsInVwZGF0ZSI6MTIwMDAwMDAwMDAwMH19",
          "dependencies": [
            "google_secret_manager_secret.tiiva_sa_secret",
            "google_service_account.tiiva_service_function_sa",
            "google_service_account_key.tiiva_service_key"
          ]
        }
      ]
    },
    {
      "mode": "managed",
      "type": "google_service_account",
      "name": "tiiva_service_function_sa",
      "provider": "provider[\"registry.terraform.io/hashicorp/google\"]",
      "instances": [
        {
          "schema_version": 0,
          "attributes": {
            "account_id": "tiiva-ai-function-sa",
            "create_ignore_already_exists": null,
            "description": "Service account for the RAG AI Cloud Function to access GCP services.",
            "disabled": false,
            "display_name": "techniecode-liberty-qa-service-account",
            "email": "tiiva-ai-function-sa@techniecode-liberty-qa.iam.gserviceaccount.com",
            "id": "projects/techniecode-liberty-qa/serviceAccounts/tiiva-ai-function-sa@techniecode-liberty-qa.iam.gserviceaccount.com",
            "member": "serviceAccount:tiiva-ai-function-sa@techniecode-liberty-qa.iam.gserviceaccount.com",
            "name": "projects/techniecode-liberty-qa/serviceAccounts/tiiva-ai-function-sa@techniecode-liberty-qa.iam.gserviceaccount.com",
            "project": "techniecode-liberty-qa",
            "timeouts": null,
            "unique_id": "110743596314609569057"
          },
          "sensitive_attributes": [],
          "private": "eyJlMmJmYjczMC1lY2FhLTExZTYtOGY4OC0zNDM2M2JjN2M0YzAiOnsiY3JlYXRlIjozMDAwMDAwMDAwMDB9fQ=="
        }
      ]
    },
    {
      "mode": "managed",
      "type": "google_service_account_key",
      "name": "tiiva_service_key",
      "provider": "provider[\"registry.terraform.io/hashicorp/google\"]",
      "instances": [
        {
          "schema_version": 0,
          "attributes": {
            "id": "projects/techniecode-liberty-qa/serviceAccounts/tiiva-ai-function-sa@techniecode-liberty-qa.iam.gserviceaccount.com/keys/ca83f3ebe2f4c7e5583ea09f50945dca7c5acd8d",
            "keepers": null,
            "key_algorithm": "KEY_ALG_RSA_2048",
            "name": "projects/techniecode-liberty-qa/serviceAccounts/tiiva-ai-function-sa@techniecode-liberty-qa.iam.gserviceaccount.com/keys/ca83f3ebe2f4c7e5583ea09f50945dca7c5acd8d",
            "private_key": "ewogICJ0eXBlIjogInNlcnZpY2VfYWNjb3VudCIsCiAgInByb2plY3RfaWQiOiAidGVjaG5pZWNvZGUtbGliZXJ0eS1xYSIsCiAgInByaXZhdGVfa2V5X2lkIjogImNhODNmM2ViZTJmNGM3ZTU1ODNlYTA5ZjUwOTQ1ZGNhN2M1YWNkOGQiLAogICJwcml2YXRlX2tleSI6ICItLS0tLUJFR0lOIFBSSVZBVEUgS0VZLS0tLS1cbk1JSUV2QUlCQURBTkJna3Foa2lHOXcwQkFRRUZBQVNDQktZd2dnU2lBZ0VBQW9JQkFRRHRmcDM5NnBseWtnNWxcbjJ2UFo1THlYWlR3VkxvWm50cm01VEM1d01IaXlmTWdFdDNDdzV2ei9GNUV6Ujh1dmdtdyszNWdJTDV5MUEwYmxcbldaNEtIWVkwQjQ3SDNtMGM2SFhVWXQ4a1o4Q2w5bno5RFoweU0razBXdXBtUFJHVk55Q0tkTU9Qc2NzR3BkR3hcblJKWFRkYmVmSGNUTTFJNFJRbk9QKy92czhBSUhsRmJnWXphekxmSkxaRG9HTmtxWjNTK1J5dklzRHVDQzRLck1cbkNyck9wNHFyckl5L0VIUi9RNEhLM25aRFR3aUhGa3BmdmpwL0RjeEYvYTRvVmFNRXRtSGs4N3gzaTU2TFFMTWRcbnIyYmVQeFNQQ3Z0WFhIbmh6MkxPMmFtRmZ3U2I1emlIa3FwKy9EU3RFYmIrYjVmcnBhbHcxSVhQM1pHUHJUWW5cbmxZRElzSVpmQWdNQkFBRUNnZ0VBVkVGMzVyWGNvNWRxa1RzcENQUUw3a0FsblRRb3pkRzNPU1JzVXpQM0ZnZUxcbjVKUjUzK0RLLytzS0FlSG1Rc2xvQXJSTG1SZmZKaDdYLzVVWUt1bUhpNXprekVhK2VpT0ViZ2wzdGRBek9nM2xcbkVOZk1IWnZxRDc5emFqc2ZLa3RvK1lYc1BXWHJxOXVYTmFjcDZsL1llWlJUbGdHUXQxSFdjczRJZGVvK0poYU1cbjNxZmI0a3ZoVUlSWVhFTEt6WElxS2dvU2QxM0FjWGt6ZnRObXUwdjFTRVJ4T21EejRlZWMramJVdHJCa2s5MWNcbjhoTTNjbzZ6TlRRTkM2TDJrNWRjaE52b2xGWnBDemVRc1JVdnJHV281WEk2NkphNTB5MW9acElUdC9pTHdhQlpcbmQ3cGQ0ZHlmdW9mZWpFYTdETWgvQitCWDJGRng2ODF6TDVGa05GczVOUUtCZ1FEL0xUa2M3aVJBUysyTFpHbVJcbnlPYzFrRTVrNFdEYjRINHRMSDJIa0JVUWdkd3NtRFNvZVZmYWlIK0FtUE5ZR0JJQytJa1dPeisvSkx4MGUveHNcbnMvT3BLbTNJUFZ2aWs1dERpc2dERHd6cnBiQW1SaUdMZHk4ZTJreTBaUUg3eE1GRUtZQ00vQ1o3YWM0dTJzeDJcblpyOXNCUGMvZ1JsSTFLQndYSzc1MnQ2T0JRS0JnUUR1UXNuaWhHYzZlWEVjdURHQzhkYXUrTzhyM0Q5VTNDWmFcbkE5TlI3RXlzMTU0MHkxcU1FZk1XTldoOWNtbWRVOXdrWlZtOEg5ZkpnL0J1MGFXQjEyem84UFJjMWVMalBZL1NcbnZRbDFoNlZjRDBwSGtycVpaUFZrYy9zbk1QSTd4SVhXcnFpVzJ2NzVQTmFNZ05hUzhEVVZNTGtHakt6NDRwdEpcbmtQVHhQUURNRXdLQmdCQ0tSZUZ5TGpkY3RKRU1lU3RSOG1xdVorWnlGVzByS0FLVmw2MXAwWE80ZHlVTTJKenpcbkFKYlJzaklMdC9wRjFTVU1KeGFoMElmN1FadnJUWGxlVUxUdVl4OVBtdDBjNUR1RWkySm5YMWNHN2x3TXY2L2lcbmtkTldJeEt1V1dxUVhsYWt1Z2hwYjdVZ0xwVXE2WVhqTXhVMVhURm9sTkw3dFVxVE4yUktvNUpoQW9HQUl4NTlcbkc0SmdwT0hacGw0UURqa1BaK01SZmVtTS9Ea20vZ1dxVkZ6OFFFM1g1L2hCZEh3QTFMa3ltYXNQbmowS0tlTTJcbmd1QStzbGxjU3psanArdlZCZERlZEFDaTNOUHFLeW5xQndUamZ0cFNISktvSm93WEQ2TjQxYUlGVW9INUtGZStcblNkNGx6eDhFa05rOHg1UFlmek1iVXJmUmx5M3ZyYnhNSG5MYmR6a0NnWUFOekVTTkdIMDgxVkdpNzlhMkNoRHpcbkZTNGlyZ3NWN1Z6eWpxUTBxamhJYTVCUCtXNGlSOHV1NFIvd2hjc05DSFJXZ1hUWDdEemhXTFNRR09WVTJYSFpcbk5kV1VjV3pDRnlsQVpkcEJBeTdReXRvSnl6cFpaUjhwV056d1JqanhYdXJuSzZVbXlJRTVSSGFpQWlvZVVXeHJcbjNyTzJoTlQxWnVIQjcycklXM1ZyL2c9PVxuLS0tLS1FTkQgUFJJVkFURSBLRVktLS0tLVxuIiwKICAiY2xpZW50X2VtYWlsIjogInRpaXZhLWFpLWZ1bmN0aW9uLXNhQHRlY2huaWVjb2RlLWxpYmVydHktcWEuaWFtLmdzZXJ2aWNlYWNjb3VudC5jb20iLAogICJjbGllbnRfaWQiOiAiMTEwNzQzNTk2MzE0NjA5NTY5MDU3IiwKICAiYXV0aF91cmkiOiAiaHR0cHM6Ly9hY2NvdW50cy5nb29nbGUuY29tL28vb2F1dGgyL2F1dGgiLAogICJ0b2tlbl91cmkiOiAiaHR0cHM6Ly9vYXV0aDIuZ29vZ2xlYXBpcy5jb20vdG9rZW4iLAogICJhdXRoX3Byb3ZpZGVyX3g1MDlfY2VydF91cmwiOiAiaHR0cHM6Ly93d3cuZ29vZ2xlYXBpcy5jb20vb2F1dGgyL3YxL2NlcnRzIiwKICAiY2xpZW50X3g1MDlfY2VydF91cmwiOiAiaHR0cHM6Ly93d3cuZ29vZ2xlYXBpcy5jb20vcm9ib3QvdjEvbWV0YWRhdGEveDUwOS90aWl2YS1haS1mdW5jdGlvbi1zYSU0MHRlY2huaWVjb2RlLWxpYmVydHktcWEuaWFtLmdzZXJ2aWNlYWNjb3VudC5jb20iLAogICJ1bml2ZXJzZV9kb21haW4iOiAiZ29vZ2xlYXBpcy5jb20iCn0K",
            "private_key_type": "TYPE_GOOGLE_CREDENTIALS_FILE",
            "public_key": "LS0tLS1CRUdJTiBDRVJUSUZJQ0FURS0tLS0tCk1JSUMvRENDQWVTZ0F3SUJBZ0lJUE1DbHFablNxb0V3RFFZSktvWklodmNOQVFFRkJRQXdJREVlTUJ3R0ExVUUKQXd3Vk1URXdOelF6TlRrMk16RTBOakE1TlRZNU1EVTNNQ0FYRFRJMU1EVXhOekUwTXpBeU5Gb1lEems1T1RreApNak14TWpNMU9UVTVXakFnTVI0d0hBWURWUVFEREJVeE1UQTNORE0xT1RZek1UUTJNRGsxTmprd05UY3dnZ0VpCk1BMEdDU3FHU0liM0RRRUJBUVVBQTRJQkR3QXdnZ0VLQW9JQkFRRHRmcDM5NnBseWtnNWwydlBaNUx5WFpUd1YKTG9abnRybTVUQzV3TUhpeWZNZ0V0M0N3NXZ6L0Y1RXpSOHV2Z213KzM1Z0lMNXkxQTBibFdaNEtIWVkwQjQ3SAozbTBjNkhYVVl0OGtaOENsOW56OURaMHlNK2swV3VwbVBSR1ZOeUNLZE1PUHNjc0dwZEd4UkpYVGRiZWZIY1RNCjFJNFJRbk9QKy92czhBSUhsRmJnWXphekxmSkxaRG9HTmtxWjNTK1J5dklzRHVDQzRLck1DcnJPcDRxcnJJeS8KRUhSL1E0SEszblpEVHdpSEZrcGZ2anAvRGN4Ri9hNG9WYU1FdG1Iazg3eDNpNTZMUUxNZHIyYmVQeFNQQ3Z0WApYSG5oejJMTzJhbUZmd1NiNXppSGtxcCsvRFN0RWJiK2I1ZnJwYWx3MUlYUDNaR1ByVFlubFlESXNJWmZBZ01CCkFBR2pPREEyTUF3R0ExVWRFd0VCL3dRQ01BQXdEZ1lEVlIwUEFRSC9CQVFEQWdlQU1CWUdBMVVkSlFFQi93UU0KTUFvR0NDc0dBUVVGQndNQ01BMEdDU3FHU0liM0RRRUJCUVVBQTRJQkFRQjU2cC9xMXljWFF5WWlxeklPMVFLcgpqelFmZHZzY0puQXhQNHJkYnV1R0lybkJ5WkpzNlhrS25sUW1hd01DWUlqWndWcWZkSzBPZGhjb0pmWEcyR2JOCnZYT0gvdm8wcERVamd1RVg3VkR0L0s0Q0ZCd0w0RnhVZlIwcHpZOVpySElCYmNqcitpNlhxVmEya1Z4RjRtQzIKaE4wZnJWSjJ1cThobUZGU3lxcjdFKzhkWXp5UXZBMnRhVDdqNUszZG1TWmFDWWFOWWVtZWh0QXRlUHVKWHhBegp0eVBzeHhjdWVra0szSGRkUkVWUCt6OENtOHN4cDhkTFpSWWQzZHd6WlNaaFRCSE5TMWlNNXdkRHJIVHRlbytNCjZQallGUy9lb2FyVzhPUlNOa2RSdUQyZGVEQ1Fpa1lFTFZJejBIK0czQ2xOc1AvK2hXNVdjQjBPc3hQNW9HN2wKLS0tLS1FTkQgQ0VSVElGSUNBVEUtLS0tLQo=",
            "public_key_data": null,
            "public_key_type": "TYPE_X509_PEM_FILE",
            "service_account_id": "projects/techniecode-liberty-qa/serviceAccounts/tiiva-ai-function-sa@techniecode-liberty-qa.iam.gserviceaccount.com",
            "valid_after": "2025-05-17T14:30:24Z",
            "valid_before": "9999-12-31T23:59:59Z"
          },
          "sensitive_attributes": [
            [
              {
                "type": "get_attr",
                "value": "private_key"
              }
            ]
          ],
          "private": "bnVsbA==",
          "dependencies": [
            "google_service_account.tiiva_service_function_sa"
          ]
        }
      ]
    },
    {
      "mode": "managed",
      "type": "google_storage_bucket",
      "name": "tiiva_service_function_bucket",
      "provider": "provider[\"registry.terraform.io/hashicorp/google\"]",
      "instances": [
        {
          "schema_version": 3,
          "attributes": {
            "autoclass": [],
            "cors": [],
            "custom_placement_config": [],
            "default_event_based_hold": false,
            "effective_labels": {
              "goog-terraform-provisioned": "true"
            },
            "enable_object_retention": false,
            "encryption": [],
            "force_destroy": false,
            "hierarchical_namespace": [
              {
                "enabled": false
              }
            ],
            "id": "techniecode-liberty-qa-storage-bucket",
            "labels": {},
            "lifecycle_rule": [
              {
                "action": [
                  {
                    "storage_class": "",
                    "type": "Delete"
                  }
                ],
                "condition": [
                  {
                    "age": 1,
                    "created_before": "",
                    "custom_time_before": "",
                    "days_since_custom_time": 0,
                    "days_since_noncurrent_time": 0,
                    "matches_prefix": [],
                    "matches_storage_class": [],
                    "matches_suffix": [],
                    "noncurrent_time_before": "",
                    "num_newer_versions": 0,
                    "send_age_if_zero": false,
                    "send_days_since_custom_time_if_zero": false,
                    "send_days_since_noncurrent_time_if_zero": false,
                    "send_num_newer_versions_if_zero": false,
                    "with_state": "ANY"
                  }
                ]
              }
            ],
            "location": "US-CENTRAL1",
            "logging": [],
            "name": "techniecode-liberty-qa-storage-bucket",
            "project": "techniecode-liberty-qa",
            "project_number": 995510408318,
            "public_access_prevention": "enforced",
            "requester_pays": false,
            "retention_policy": [],
            "rpo": null,
            "self_link": "https://www.googleapis.com/storage/v1/b/techniecode-liberty-qa-storage-bucket",
            "soft_delete_policy": [
              {
                "effective_time": "2025-05-17T13:44:33.300Z",
                "retention_duration_seconds": 604800
              }
            ],
            "storage_class": "STANDARD",
            "terraform_labels": {
              "goog-terraform-provisioned": "true"
            },
            "time_created": "2025-05-17T13:44:33.300Z",
            "timeouts": null,
            "uniform_bucket_level_access": true,
            "updated": "2025-05-17T13:44:33.300Z",
            "url": "gs://techniecode-liberty-qa-storage-bucket",
            "versioning": [
              {
                "enabled": true
              }
            ],
            "website": []
          },
          "sensitive_attributes": [],
          "private": "eyJlMmJmYjczMC1lY2FhLTExZTYtOGY4OC0zNDM2M2JjN2M0YzAiOnsiY3JlYXRlIjo2MDAwMDAwMDAwMDAsInJlYWQiOjI0MDAwMDAwMDAwMCwidXBkYXRlIjoyNDAwMDAwMDAwMDB9LCJzY2hlbWFfdmVyc2lvbiI6IjMifQ=="
        }
      ]
    },
    {
      "mode": "managed",
      "type": "google_storage_bucket_iam_member",
      "name": "tiiva_service_sa_storage_bucket_access",
      "provider": "provider[\"registry.terraform.io/hashicorp/google\"]",
      "instances": [
        {
          "schema_version": 0,
          "attributes": {
            "bucket": "b/techniecode-liberty-qa-storage-bucket",
            "condition": [],
            "etag": "CAI=",
            "id": "b/techniecode-liberty-qa-storage-bucket/roles/storage.objectAdmin/serviceAccount:tiiva-ai-function-sa@techniecode-liberty-qa.iam.gserviceaccount.com",
            "member": "serviceAccount:tiiva-ai-function-sa@techniecode-liberty-qa.iam.gserviceaccount.com",
            "role": "roles/storage.objectAdmin"
          },
          "sensitive_attributes": [],
          "private": "bnVsbA==",
          "dependencies": [
            "google_service_account.tiiva_service_function_sa",
            "google_storage_bucket.tiiva_service_function_bucket"
          ]
        }
      ]
    },
    {
      "mode": "managed",
      "type": "google_vpc_access_connector",
      "name": "tiiva_service_private_connector",
      "provider": "provider[\"registry.terraform.io/hashicorp/google\"]",
      "instances": [
        {
          "schema_version": 0,
          "attributes": {
            "connected_projects": [],
            "id": "projects/techniecode-liberty-qa/locations/us-central1/connectors/techniecode-liberty-qa",
            "ip_cidr_range": "10.8.0.0/28",
            "machine_type": "e2-micro",
            "max_instances": 3,
            "max_throughput": 300,
            "min_instances": 2,
            "min_throughput": 200,
            "name": "techniecode-liberty-qa",
            "network": "techniecode-liberty-qa-vpc-network",
            "project": "techniecode-liberty-qa",
            "region": "us-central1",
            "self_link": "projects/techniecode-liberty-qa/locations/us-central1/connectors/techniecode-liberty-qa",
            "state": "READY",
            "subnet": [],
            "timeouts": null
          },
          "sensitive_attributes": [],
          "private": "eyJlMmJmYjczMC1lY2FhLTExZTYtOGY4OC0zNDM2M2JjN2M0YzAiOnsiY3JlYXRlIjoxMjAwMDAwMDAwMDAwLCJkZWxldGUiOjEyMDAwMDAwMDAwMDAsInVwZGF0ZSI6MTIwMDAwMDAwMDAwMH19",
          "dependencies": [
            "google_compute_firewall.allow_cloud_run_access",
            "google_compute_network.tiiva_service_vpc_network",
            "null_resource.fetch_public_ip"
          ]
        }
      ]
    },
    {
      "mode": "managed",
      "type": "null_resource",
      "name": "fetch_public_ip",
      "provider": "provider[\"registry.terraform.io/hashicorp/null\"]",
      "instances": [
        {
          "schema_version": 0,
          "attributes": {
            "id": "3109865047050329248",
            "triggers": null
          },
          "sensitive_attributes": []
        }
      ]
    },
    {
      "mode": "managed",
      "type": "time_sleep",
      "name": "wait_x_minutes",
      "provider": "provider[\"registry.terraform.io/hashicorp/time\"]",
      "instances": [
        {
          "schema_version": 0,
          "attributes": {
            "create_duration": "360s",
            "destroy_duration": null,
            "id": "2025-05-17T13:50:36Z",
            "triggers": null
          },
          "sensitive_attributes": [],
          "dependencies": [
            "google_project_service.tiiva_service_artifactregistry",
            "google_project_service.tiiva_service_cloudbuild",
            "google_project_service.tiiva_service_cloudfunctions",
            "google_project_service.tiiva_service_cloudrun",
            "google_project_service.tiiva_service_compute",
            "google_project_service.tiiva_service_documentai",
            "google_project_service.tiiva_service_iam",
            "google_project_service.tiiva_service_logging",
            "google_project_service.tiiva_service_monitoring",
            "google_project_service.tiiva_service_secretmanager",
            "google_project_service.tiiva_service_servicenetworking",
            "google_project_service.tiiva_service_storage",
            "google_project_service.tiiva_service_vertex_ai",
            "google_project_service.tiiva_service_vpcaccess"
          ]
        }
      ]
    }
  ],
  "check_results": null
}
